
Microsoft Visual Studio Solution File, Format Version 12.00
# Visual Studio 14
VisualStudioVersion = 14.0.25420.1
MinimumVisualStudioVersion = 10.0.40219.1
Project("{FAE04EC0-301F-11D3-BF4B-00C04F79EFBC}") = "Chat_30.06_1", "Chat_30.06_1\Chat_30.06_1.csproj", "{02AC3A3D-7A1B-490F-8EF6-A77EBA0D5CA2}"
EndProject
Project("{FAE04EC0-301F-11D3-BF4B-00C04F79EFBC}") = "Client", "Client\Client.csproj", "{EF7A86E9-37A5-4ED5-A388-8A2ADEFE52E0}"
EndProject
Global
	GlobalSection(SolutionConfigurationPlatforms) = preSolution
		Debug|Any CPU = Debug|Any CPU
		Release|Any CPU = Release|Any CPU
	EndGlobalSection
	GlobalSection(ProjectConfigurationPlatforms) = postSolution
		{02AC3A3D-7A1B-490F-8EF6-A77EBA0D5CA2}.Debug|Any CPU.ActiveCfg = Debug|Any CPU
		{02AC3A3D-7A1B-490F-8EF6-A77EBA0D5CA2}.Debug|Any CPU.Build.0 = Debug|Any CPU
		{02AC3A3D-7A1B-490F-8EF6-A77EBA0D5CA2}.Release|Any CPU.ActiveCfg = Release|Any CPU
		{02AC3A3D-7A1B-490F-8EF6-A77EBA0D5CA2}.Release|Any CPU.Build.0 = Release|Any CPU
		{EF7A86E9-37A5-4ED5-A388-8A2ADEFE52E0}.Debug|Any CPU.ActiveCfg = Debug|Any CPU
		{EF7A86E9-37A5-4ED5-A388-8A2ADEFE52E0}.Debug|Any CPU.Build.0 = Debug|Any CPU
		{EF7A86E9-37A5-4ED5-A388-8A2ADEFE52E0}.Release|Any CPU.ActiveCfg = Release|Any CPU
		{EF7A86E9-37A5-4ED5-A388-8A2ADEFE52E0}.Release|Any CPU.Build.0 = Release|Any CPU
	EndGlobalSection
	GlobalSection(SolutionProperties) = preSolution
		HideSolutionNode = FALSE
	EndGlobalSection
EndGlobal
