
Microsoft Visual Studio Solution File, Format Version 12.00
# Visual Studio 14
VisualStudioVersion = 14.0.25420.1
MinimumVisualStudioVersion = 10.0.40219.1
Project("{FAE04EC0-301F-11D3-BF4B-00C04F79EFBC}") = "ChatServer", "ChatServer\ChatServer.csproj", "{1A71D906-1C35-4803-A255-2E28BB90D344}"
EndProject
Project("{FAE04EC0-301F-11D3-BF4B-00C04F79EFBC}") = "ChatKlient", "ChatKlient\ChatKlient.csproj", "{DCEB9758-181D-4B42-BD86-7482E570EF2E}"
EndProject
Global
	GlobalSection(SolutionConfigurationPlatforms) = preSolution
		Debug|Any CPU = Debug|Any CPU
		Release|Any CPU = Release|Any CPU
	EndGlobalSection
	GlobalSection(ProjectConfigurationPlatforms) = postSolution
		{1A71D906-1C35-4803-A255-2E28BB90D344}.Debug|Any CPU.ActiveCfg = Debug|Any CPU
		{1A71D906-1C35-4803-A255-2E28BB90D344}.Debug|Any CPU.Build.0 = Debug|Any CPU
		{1A71D906-1C35-4803-A255-2E28BB90D344}.Release|Any CPU.ActiveCfg = Release|Any CPU
		{1A71D906-1C35-4803-A255-2E28BB90D344}.Release|Any CPU.Build.0 = Release|Any CPU
		{DCEB9758-181D-4B42-BD86-7482E570EF2E}.Debug|Any CPU.ActiveCfg = Debug|Any CPU
		{DCEB9758-181D-4B42-BD86-7482E570EF2E}.Debug|Any CPU.Build.0 = Debug|Any CPU
		{DCEB9758-181D-4B42-BD86-7482E570EF2E}.Release|Any CPU.ActiveCfg = Release|Any CPU
		{DCEB9758-181D-4B42-BD86-7482E570EF2E}.Release|Any CPU.Build.0 = Release|Any CPU
	EndGlobalSection
	GlobalSection(SolutionProperties) = preSolution
		HideSolutionNode = FALSE
	EndGlobalSection
EndGlobal
