
Microsoft Visual Studio Solution File, Format Version 11.00
# Visual C# Express 2010
Project("{FAE04EC0-301F-11D3-BF4B-00C04F79EFBC}") = "CsharpTalk-Server", "CsharpTalk-Server\CsharpTalk-Server.csproj", "{3D63D883-E179-413F-B7EC-0E909BA66800}"
EndProject
Global
	GlobalSection(SolutionConfigurationPlatforms) = preSolution
		Debug|x86 = Debug|x86
		Release|x86 = Release|x86
	EndGlobalSection
	GlobalSection(ProjectConfigurationPlatforms) = postSolution
		{3D63D883-E179-413F-B7EC-0E909BA66800}.Debug|x86.ActiveCfg = Debug|x86
		{3D63D883-E179-413F-B7EC-0E909BA66800}.Debug|x86.Build.0 = Debug|x86
		{3D63D883-E179-413F-B7EC-0E909BA66800}.Release|x86.ActiveCfg = Release|x86
		{3D63D883-E179-413F-B7EC-0E909BA66800}.Release|x86.Build.0 = Release|x86
	EndGlobalSection
	GlobalSection(SolutionProperties) = preSolution
		HideSolutionNode = FALSE
	EndGlobalSection
EndGlobal
